<?xml version="1.0" encoding="utf-8"?>
<Project ToolsVersion="4.0" xmlns="http://schemas.microsoft.com/developer/msbuild/2003">
  <ItemGroup>
    <Filter Include="dataset">
      <UniqueIdentifier>{c744c589-c71f-4c41-b57c-0b42a28108b8}</UniqueIdentifier>
    </Filter>
    <Filter Include="dataset\node">
      <UniqueIdentifier>{fe7b3b2f-519b-43f3-8f61-33039aaa694f}</UniqueIdentifier>
    </Filter>
    <Filter Include="dataset\pin">
      <UniqueIdentifier>{cb50fc5f-6b12-41ae-91f2-9d8f37fba1fe}</UniqueIdentifier>
    </Filter>
    <Filter Include="tools">
      <UniqueIdentifier>{c840230e-088c-42f1-98e0-a9bba8a348e7}</UniqueIdentifier>
    </Filter>
    <Filter Include="tools\rtti">
      <UniqueIdentifier>{64b4a7c6-739d-458a-8570-142e1f0f6198}</UniqueIdentifier>
    </Filter>
    <Filter Include="view">
      <UniqueIdentifier>{8a0461eb-38b8-495e-9360-20584c7b02fb}</UniqueIdentifier>
    </Filter>
    <Filter Include="view\preview">
      <UniqueIdentifier>{053b5c88-7424-47dc-8065-a6a14361d008}</UniqueIdentifier>
    </Filter>
  </ItemGroup>
  <ItemGroup>
    <ClInclude Include="..\..\..\include\tasklab\Node.h">
      <Filter>dataset\node</Filter>
    </ClInclude>
    <ClInclude Include="..\..\..\include\tasklab\PinCallback.h">
      <Filter>dataset\pin</Filter>
    </ClInclude>
    <ClInclude Include="..\..\..\include\tasklab\PinType.h">
      <Filter>dataset\pin</Filter>
    </ClInclude>
    <ClInclude Include="..\..\..\include\tasklab\pin_cfg.h">
      <Filter>dataset\pin</Filter>
    </ClInclude>
    <ClInclude Include="..\..\..\include\tasklab\node_def_gen.h">
      <Filter>tools\rtti</Filter>
    </ClInclude>
    <ClInclude Include="..\..\..\include\tasklab\node_regist_cfg.h">
      <Filter>tools\rtti</Filter>
    </ClInclude>
    <ClInclude Include="..\..\..\include\tasklab\node_rttr_gen.h">
      <Filter>tools\rtti</Filter>
    </ClInclude>
    <ClInclude Include="..\..\..\include\tasklab\RegistNodes.h">
      <Filter>tools\rtti</Filter>
    </ClInclude>
    <ClInclude Include="..\..\..\include\tasklab\PreviewPage.h">
      <Filter>view\preview</Filter>
    </ClInclude>
    <ClInclude Include="..\..\..\include\tasklab\WxPreviewCanvas.h">
      <Filter>view\preview</Filter>
    </ClInclude>
    <ClInclude Include="..\..\..\include\tasklab\TaskLab.h" />
    <ClInclude Include="..\..\..\include\tasklab\MessageID.h">
      <Filter>tools</Filter>
    </ClInclude>
  </ItemGroup>
  <ItemGroup>
    <ClCompile Include="..\..\..\source\Node.cpp">
      <Filter>dataset\node</Filter>
    </ClCompile>
    <ClCompile Include="..\..\..\source\PinCallback.cpp">
      <Filter>dataset\pin</Filter>
    </ClCompile>
    <ClCompile Include="..\..\..\source\RegistNodes.cpp">
      <Filter>tools\rtti</Filter>
    </ClCompile>
    <ClCompile Include="..\..\..\source\PreviewPage.cpp">
      <Filter>view\preview</Filter>
    </ClCompile>
    <ClCompile Include="..\..\..\source\WxPreviewCanvas.cpp">
      <Filter>view\preview</Filter>
    </ClCompile>
    <ClCompile Include="..\..\..\source\TaskLab.cpp" />
  </ItemGroup>
</Project>